// !$*UTF8*$!
{
	archiveVersion = 1;
	classes = {
	};
	objectVersion = 56;
	objects = {

/* Begin PBXBuildFile section */
		2A429D7929B99E460044A3E6 /* JsonManager.swift in Sources */ = {isa = PBXBuildFile; fileRef = 2A429D7829B99E460044A3E6 /* JsonManager.swift */; };
		2A429D7B29B9A06F0044A3E6 /* DataManager.swift in Sources */ = {isa = PBXBuildFile; fileRef = 2A429D7A29B9A06F0044A3E6 /* DataManager.swift */; };
		2A429D8629BA35770044A3E6 /* Dummy.json in Resources */ = {isa = PBXBuildFile; fileRef = ABEAFBFD29ACA00B002C3119 /* Dummy.json */; };
		2A429D8929BB95BA0044A3E6 /* FirebaseAnalytics in Frameworks */ = {isa = PBXBuildFile; productRef = 2A429D8829BB95BA0044A3E6 /* FirebaseAnalytics */; };
		2A429D8B29BB95BA0044A3E6 /* FirebaseFirestore in Frameworks */ = {isa = PBXBuildFile; productRef = 2A429D8A29BB95BA0044A3E6 /* FirebaseFirestore */; };
		2A429D8D29BB95BA0044A3E6 /* FirebaseFirestoreSwift in Frameworks */ = {isa = PBXBuildFile; productRef = 2A429D8C29BB95BA0044A3E6 /* FirebaseFirestoreSwift */; };
		2A429D9229BDDA0B0044A3E6 /* SettingViewController.swift in Sources */ = {isa = PBXBuildFile; fileRef = 2A429D9129BDDA0B0044A3E6 /* SettingViewController.swift */; };
		2A429D9529BDDB370044A3E6 /* SettingListTableViewController.swift in Sources */ = {isa = PBXBuildFile; fileRef = 2A429D9429BDDB370044A3E6 /* SettingListTableViewController.swift */; };
		2A429D9929BDE2A40044A3E6 /* SettingListTableViewCell.swift in Sources */ = {isa = PBXBuildFile; fileRef = 2A429D9829BDE2A40044A3E6 /* SettingListTableViewCell.swift */; };
		2A429D9B29BE12F50044A3E6 /* SettingWebViewController.swift in Sources */ = {isa = PBXBuildFile; fileRef = 2A429D9A29BE12F50044A3E6 /* SettingWebViewController.swift */; };
		2A429D9E29BEBE030044A3E6 /* SetCafeteriaOrderTableViewController.swift in Sources */ = {isa = PBXBuildFile; fileRef = 2A429D9D29BEBE030044A3E6 /* SetCafeteriaOrderTableViewController.swift */; };
		2A429DA029BEBE1B0044A3E6 /* SetCafeteriaOrderTableViewCell.swift in Sources */ = {isa = PBXBuildFile; fileRef = 2A429D9F29BEBE1B0044A3E6 /* SetCafeteriaOrderTableViewCell.swift */; };
		2A429DA329BF36C50044A3E6 /* SetCafeteriaOrderTitleView.swift in Sources */ = {isa = PBXBuildFile; fileRef = 2A429DA229BF36C50044A3E6 /* SetCafeteriaOrderTitleView.swift */; };
		2A429DA829BF62E80044A3E6 /* SetDefaultCampusView.swift in Sources */ = {isa = PBXBuildFile; fileRef = 2A429DA729BF62E80044A3E6 /* SetDefaultCampusView.swift */; };
		2A429DAA29BF6B170044A3E6 /* SettingViewModel.swift in Sources */ = {isa = PBXBuildFile; fileRef = 2A429DA929BF6B170044A3E6 /* SettingViewModel.swift */; };
		2A429DAC29BF93BD0044A3E6 /* BackButtonView.swift in Sources */ = {isa = PBXBuildFile; fileRef = 2A429DAB29BF93BD0044A3E6 /* BackButtonView.swift */; };
		2A429DAE29C040D20044A3E6 /* Reachability.swift in Sources */ = {isa = PBXBuildFile; fileRef = 2A429DAD29C040D20044A3E6 /* Reachability.swift */; };
		AB2D2C0129B8271C0015CB10 /* CafeteriaSelectView.swift in Sources */ = {isa = PBXBuildFile; fileRef = AB2D2C0029B8271C0015CB10 /* CafeteriaSelectView.swift */; };
		AB2FDAAE29B84CC7001746DB /* CafeteriaButton.swift in Sources */ = {isa = PBXBuildFile; fileRef = AB2FDAAD29B84CC7001746DB /* CafeteriaButton.swift */; };
		AB2FDAB229B8D4B4001746DB /* ContentCarouselModuleViewController.swift in Sources */ = {isa = PBXBuildFile; fileRef = AB2FDAB129B8D4B4001746DB /* ContentCarouselModuleViewController.swift */; };
		AB62D60729C48F8A003A8DF8 /* GoogleService-Info.plist in Resources */ = {isa = PBXBuildFile; fileRef = AB62D60629C48F8A003A8DF8 /* GoogleService-Info.plist */; };
		AB62D60929C5AF26003A8DF8 /* AlertManager.swift in Sources */ = {isa = PBXBuildFile; fileRef = AB62D60829C5AF26003A8DF8 /* AlertManager.swift */; };
		AB62D60B29C63A94003A8DF8 /* Pretendard-SemiBold.otf in Resources */ = {isa = PBXBuildFile; fileRef = AB62D60A29C63A94003A8DF8 /* Pretendard-SemiBold.otf */; };
		AB62D60C29C63A94003A8DF8 /* Pretendard-SemiBold.otf in Resources */ = {isa = PBXBuildFile; fileRef = AB62D60A29C63A94003A8DF8 /* Pretendard-SemiBold.otf */; };
		AB62D60D29C63A94003A8DF8 /* Pretendard-SemiBold.otf in Resources */ = {isa = PBXBuildFile; fileRef = AB62D60A29C63A94003A8DF8 /* Pretendard-SemiBold.otf */; };
		AB62D60F29C63AB7003A8DF8 /* Pretendard-Bold.otf in Resources */ = {isa = PBXBuildFile; fileRef = AB62D60E29C63AB7003A8DF8 /* Pretendard-Bold.otf */; };
		AB62D61029C63AB7003A8DF8 /* Pretendard-Bold.otf in Resources */ = {isa = PBXBuildFile; fileRef = AB62D60E29C63AB7003A8DF8 /* Pretendard-Bold.otf */; };
		AB62D61129C63AB7003A8DF8 /* Pretendard-Bold.otf in Resources */ = {isa = PBXBuildFile; fileRef = AB62D60E29C63AB7003A8DF8 /* Pretendard-Bold.otf */; };
		AB62D61329C63ACC003A8DF8 /* Pretendard-Light.otf in Resources */ = {isa = PBXBuildFile; fileRef = AB62D61229C63ACC003A8DF8 /* Pretendard-Light.otf */; };
		AB62D61429C63ACC003A8DF8 /* Pretendard-Light.otf in Resources */ = {isa = PBXBuildFile; fileRef = AB62D61229C63ACC003A8DF8 /* Pretendard-Light.otf */; };
		AB62D61529C63ACC003A8DF8 /* Pretendard-Light.otf in Resources */ = {isa = PBXBuildFile; fileRef = AB62D61229C63ACC003A8DF8 /* Pretendard-Light.otf */; };
		AB9B399C29BB199F00249C61 /* RunningStatus.swift in Sources */ = {isa = PBXBuildFile; fileRef = AB9B399B29BB199F00249C61 /* RunningStatus.swift */; };
		AB9B399E29BB6A2600249C61 /* ContentStackView.swift in Sources */ = {isa = PBXBuildFile; fileRef = AB9B399D29BB6A2600249C61 /* ContentStackView.swift */; };
		AB9B39A029BF535000249C61 /* DividerView.swift in Sources */ = {isa = PBXBuildFile; fileRef = AB9B399F29BF534F00249C61 /* DividerView.swift */; };
		ABA5FFDF29C15D400029C81C /* TimeLabelView.swift in Sources */ = {isa = PBXBuildFile; fileRef = ABA5FFDE29C15D400029C81C /* TimeLabelView.swift */; };
		ABBDF69129B9C53C00E9347A /* CarouselCell.swift in Sources */ = {isa = PBXBuildFile; fileRef = ABBDF69029B9C53C00E9347A /* CarouselCell.swift */; };
		ABBDF69329BA328A00E9347A /* ExpandableMealCardView.swift in Sources */ = {isa = PBXBuildFile; fileRef = ABBDF69229BA328900E9347A /* ExpandableMealCardView.swift */; };
		ABEAFBCB29AC9ED3002C3119 /* AppDelegate.swift in Sources */ = {isa = PBXBuildFile; fileRef = ABEAFBCA29AC9ED3002C3119 /* AppDelegate.swift */; };
		ABEAFBCD29AC9ED3002C3119 /* SceneDelegate.swift in Sources */ = {isa = PBXBuildFile; fileRef = ABEAFBCC29AC9ED3002C3119 /* SceneDelegate.swift */; };
		ABEAFBCF29AC9ED3002C3119 /* HomeViewController.swift in Sources */ = {isa = PBXBuildFile; fileRef = ABEAFBCE29AC9ED3002C3119 /* HomeViewController.swift */; };
		ABEAFBD429AC9ED4002C3119 /* Assets.xcassets in Resources */ = {isa = PBXBuildFile; fileRef = ABEAFBD329AC9ED4002C3119 /* Assets.xcassets */; };
		ABEAFBD729AC9ED4002C3119 /* LaunchScreen.storyboard in Resources */ = {isa = PBXBuildFile; fileRef = ABEAFBD529AC9ED4002C3119 /* LaunchScreen.storyboard */; };
		ABEAFBE229AC9ED4002C3119 /* NyamNyamTests.swift in Sources */ = {isa = PBXBuildFile; fileRef = ABEAFBE129AC9ED4002C3119 /* NyamNyamTests.swift */; };
		ABEAFBEC29AC9ED4002C3119 /* NyamNyamUITests.swift in Sources */ = {isa = PBXBuildFile; fileRef = ABEAFBEB29AC9ED4002C3119 /* NyamNyamUITests.swift */; };
		ABEAFBEE29AC9ED4002C3119 /* NyamNyamUITestsLaunchTests.swift in Sources */ = {isa = PBXBuildFile; fileRef = ABEAFBED29AC9ED4002C3119 /* NyamNyamUITestsLaunchTests.swift */; };
		ABEAFC0129ACA0E4002C3119 /* MealsForDay.swift in Sources */ = {isa = PBXBuildFile; fileRef = ABEAFC0029ACA0E4002C3119 /* MealsForDay.swift */; };
		ABEAFC0429ACA4B1002C3119 /* Date+.swift in Sources */ = {isa = PBXBuildFile; fileRef = ABEAFC0329ACA4B1002C3119 /* Date+.swift */; };
		ABEAFC0729ACA4E5002C3119 /* String+.swift in Sources */ = {isa = PBXBuildFile; fileRef = ABEAFC0629ACA4E5002C3119 /* String+.swift */; };
		ABEAFC0A29ACA523002C3119 /* FBManager.swift in Sources */ = {isa = PBXBuildFile; fileRef = ABEAFC0929ACA523002C3119 /* FBManager.swift */; };
		ABEAFC0D29ACA59E002C3119 /* HomeViewModel.swift in Sources */ = {isa = PBXBuildFile; fileRef = ABEAFC0C29ACA59E002C3119 /* HomeViewModel.swift */; };
		ABEAFC1029ACB1FF002C3119 /* SnapKit in Frameworks */ = {isa = PBXBuildFile; productRef = ABEAFC0F29ACB1FF002C3119 /* SnapKit */; };
		ABEAFC1329AD279A002C3119 /* Meal.swift in Sources */ = {isa = PBXBuildFile; fileRef = ABEAFC1229AD279A002C3119 /* Meal.swift */; };
		ABEAFC1529AD2F36002C3119 /* Campus.swift in Sources */ = {isa = PBXBuildFile; fileRef = ABEAFC1429AD2F36002C3119 /* Campus.swift */; };
		ABEAFC1829ADC2B0002C3119 /* OptionSelectModuleViewController.swift in Sources */ = {isa = PBXBuildFile; fileRef = ABEAFC1729ADC2B0002C3119 /* OptionSelectModuleViewController.swift */; };
		ABEAFC1B29AE24B2002C3119 /* Observable.swift in Sources */ = {isa = PBXBuildFile; fileRef = ABEAFC1A29AE24B2002C3119 /* Observable.swift */; };
		ABEAFC1D29AE6337002C3119 /* CampusSelectView.swift in Sources */ = {isa = PBXBuildFile; fileRef = ABEAFC1C29AE6337002C3119 /* CampusSelectView.swift */; };
		ABEAFC1F29AE6769002C3119 /* UserDefaults+.swift in Sources */ = {isa = PBXBuildFile; fileRef = ABEAFC1E29AE6769002C3119 /* UserDefaults+.swift */; };
		ABFC439129AFA7C600EB9439 /* Pallete.swift in Sources */ = {isa = PBXBuildFile; fileRef = ABFC439029AFA7C600EB9439 /* Pallete.swift */; };
		ABFC439429B44B1700EB9439 /* DateSelectView.swift in Sources */ = {isa = PBXBuildFile; fileRef = ABFC439329B44B1700EB9439 /* DateSelectView.swift */; };
		ABFC439729B4515200EB9439 /* DateButton.swift in Sources */ = {isa = PBXBuildFile; fileRef = ABFC439629B4515200EB9439 /* DateButton.swift */; };
/* End PBXBuildFile section */

/* Begin PBXContainerItemProxy section */
		ABEAFBDE29AC9ED4002C3119 /* PBXContainerItemProxy */ = {
			isa = PBXContainerItemProxy;
			containerPortal = ABEAFBBF29AC9ED3002C3119 /* Project object */;
			proxyType = 1;
			remoteGlobalIDString = ABEAFBC629AC9ED3002C3119;
			remoteInfo = NyamNyam;
		};
		ABEAFBE829AC9ED4002C3119 /* PBXContainerItemProxy */ = {
			isa = PBXContainerItemProxy;
			containerPortal = ABEAFBBF29AC9ED3002C3119 /* Project object */;
			proxyType = 1;
			remoteGlobalIDString = ABEAFBC629AC9ED3002C3119;
			remoteInfo = NyamNyam;
		};
/* End PBXContainerItemProxy section */

/* Begin PBXFileReference section */
		2A429D7829B99E460044A3E6 /* JsonManager.swift */ = {isa = PBXFileReference; lastKnownFileType = sourcecode.swift; path = JsonManager.swift; sourceTree = "<group>"; };
		2A429D7A29B9A06F0044A3E6 /* DataManager.swift */ = {isa = PBXFileReference; lastKnownFileType = sourcecode.swift; path = DataManager.swift; sourceTree = "<group>"; };
		2A429D9129BDDA0B0044A3E6 /* SettingViewController.swift */ = {isa = PBXFileReference; lastKnownFileType = sourcecode.swift; path = SettingViewController.swift; sourceTree = "<group>"; };
		2A429D9429BDDB370044A3E6 /* SettingListTableViewController.swift */ = {isa = PBXFileReference; lastKnownFileType = sourcecode.swift; path = SettingListTableViewController.swift; sourceTree = "<group>"; };
		2A429D9829BDE2A40044A3E6 /* SettingListTableViewCell.swift */ = {isa = PBXFileReference; lastKnownFileType = sourcecode.swift; path = SettingListTableViewCell.swift; sourceTree = "<group>"; };
		2A429D9A29BE12F50044A3E6 /* SettingWebViewController.swift */ = {isa = PBXFileReference; lastKnownFileType = sourcecode.swift; path = SettingWebViewController.swift; sourceTree = "<group>"; };
		2A429D9D29BEBE030044A3E6 /* SetCafeteriaOrderTableViewController.swift */ = {isa = PBXFileReference; lastKnownFileType = sourcecode.swift; path = SetCafeteriaOrderTableViewController.swift; sourceTree = "<group>"; };
		2A429D9F29BEBE1B0044A3E6 /* SetCafeteriaOrderTableViewCell.swift */ = {isa = PBXFileReference; lastKnownFileType = sourcecode.swift; path = SetCafeteriaOrderTableViewCell.swift; sourceTree = "<group>"; };
		2A429DA229BF36C50044A3E6 /* SetCafeteriaOrderTitleView.swift */ = {isa = PBXFileReference; lastKnownFileType = sourcecode.swift; path = SetCafeteriaOrderTitleView.swift; sourceTree = "<group>"; };
		2A429DA729BF62E80044A3E6 /* SetDefaultCampusView.swift */ = {isa = PBXFileReference; lastKnownFileType = sourcecode.swift; path = SetDefaultCampusView.swift; sourceTree = "<group>"; };
		2A429DA929BF6B170044A3E6 /* SettingViewModel.swift */ = {isa = PBXFileReference; lastKnownFileType = sourcecode.swift; path = SettingViewModel.swift; sourceTree = "<group>"; };
		2A429DAB29BF93BD0044A3E6 /* BackButtonView.swift */ = {isa = PBXFileReference; lastKnownFileType = sourcecode.swift; path = BackButtonView.swift; sourceTree = "<group>"; };
		2A429DAD29C040D20044A3E6 /* Reachability.swift */ = {isa = PBXFileReference; lastKnownFileType = sourcecode.swift; path = Reachability.swift; sourceTree = "<group>"; };
		AB2D2C0029B8271C0015CB10 /* CafeteriaSelectView.swift */ = {isa = PBXFileReference; lastKnownFileType = sourcecode.swift; path = CafeteriaSelectView.swift; sourceTree = "<group>"; };
		AB2FDAAD29B84CC7001746DB /* CafeteriaButton.swift */ = {isa = PBXFileReference; lastKnownFileType = sourcecode.swift; path = CafeteriaButton.swift; sourceTree = "<group>"; };
		AB2FDAB129B8D4B4001746DB /* ContentCarouselModuleViewController.swift */ = {isa = PBXFileReference; lastKnownFileType = sourcecode.swift; path = ContentCarouselModuleViewController.swift; sourceTree = "<group>"; };
		AB62D60629C48F8A003A8DF8 /* GoogleService-Info.plist */ = {isa = PBXFileReference; fileEncoding = 4; lastKnownFileType = text.plist.xml; path = "GoogleService-Info.plist"; sourceTree = "<group>"; };
		AB62D60829C5AF26003A8DF8 /* AlertManager.swift */ = {isa = PBXFileReference; lastKnownFileType = sourcecode.swift; path = AlertManager.swift; sourceTree = "<group>"; };
		AB62D60A29C63A94003A8DF8 /* Pretendard-SemiBold.otf */ = {isa = PBXFileReference; lastKnownFileType = file; path = "Pretendard-SemiBold.otf"; sourceTree = "<group>"; };
		AB62D60E29C63AB7003A8DF8 /* Pretendard-Bold.otf */ = {isa = PBXFileReference; lastKnownFileType = file; path = "Pretendard-Bold.otf"; sourceTree = "<group>"; };
		AB62D61229C63ACC003A8DF8 /* Pretendard-Light.otf */ = {isa = PBXFileReference; lastKnownFileType = file; path = "Pretendard-Light.otf"; sourceTree = "<group>"; };
		AB9B399B29BB199F00249C61 /* RunningStatus.swift */ = {isa = PBXFileReference; lastKnownFileType = sourcecode.swift; path = RunningStatus.swift; sourceTree = "<group>"; };
		AB9B399D29BB6A2600249C61 /* ContentStackView.swift */ = {isa = PBXFileReference; lastKnownFileType = sourcecode.swift; path = ContentStackView.swift; sourceTree = "<group>"; };
		AB9B399F29BF534F00249C61 /* DividerView.swift */ = {isa = PBXFileReference; lastKnownFileType = sourcecode.swift; path = DividerView.swift; sourceTree = "<group>"; };
		ABA5FFDE29C15D400029C81C /* TimeLabelView.swift */ = {isa = PBXFileReference; lastKnownFileType = sourcecode.swift; path = TimeLabelView.swift; sourceTree = "<group>"; };
		ABBDF69029B9C53C00E9347A /* CarouselCell.swift */ = {isa = PBXFileReference; lastKnownFileType = sourcecode.swift; path = CarouselCell.swift; sourceTree = "<group>"; };
		ABBDF69229BA328900E9347A /* ExpandableMealCardView.swift */ = {isa = PBXFileReference; lastKnownFileType = sourcecode.swift; path = ExpandableMealCardView.swift; sourceTree = "<group>"; };
		ABEAFBC729AC9ED3002C3119 /* NyamNyam.app */ = {isa = PBXFileReference; explicitFileType = wrapper.application; includeInIndex = 0; path = NyamNyam.app; sourceTree = BUILT_PRODUCTS_DIR; };
		ABEAFBCA29AC9ED3002C3119 /* AppDelegate.swift */ = {isa = PBXFileReference; lastKnownFileType = sourcecode.swift; path = AppDelegate.swift; sourceTree = "<group>"; };
		ABEAFBCC29AC9ED3002C3119 /* SceneDelegate.swift */ = {isa = PBXFileReference; lastKnownFileType = sourcecode.swift; path = SceneDelegate.swift; sourceTree = "<group>"; };
		ABEAFBCE29AC9ED3002C3119 /* HomeViewController.swift */ = {isa = PBXFileReference; lastKnownFileType = sourcecode.swift; path = HomeViewController.swift; sourceTree = "<group>"; };
		ABEAFBD329AC9ED4002C3119 /* Assets.xcassets */ = {isa = PBXFileReference; lastKnownFileType = folder.assetcatalog; path = Assets.xcassets; sourceTree = "<group>"; };
		ABEAFBD629AC9ED4002C3119 /* Base */ = {isa = PBXFileReference; lastKnownFileType = file.storyboard; name = Base; path = Base.lproj/LaunchScreen.storyboard; sourceTree = "<group>"; };
		ABEAFBD829AC9ED4002C3119 /* Info.plist */ = {isa = PBXFileReference; lastKnownFileType = text.plist.xml; path = Info.plist; sourceTree = "<group>"; };
		ABEAFBDD29AC9ED4002C3119 /* NyamNyamTests.xctest */ = {isa = PBXFileReference; explicitFileType = wrapper.cfbundle; includeInIndex = 0; path = NyamNyamTests.xctest; sourceTree = BUILT_PRODUCTS_DIR; };
		ABEAFBE129AC9ED4002C3119 /* NyamNyamTests.swift */ = {isa = PBXFileReference; lastKnownFileType = sourcecode.swift; path = NyamNyamTests.swift; sourceTree = "<group>"; };
		ABEAFBE729AC9ED4002C3119 /* NyamNyamUITests.xctest */ = {isa = PBXFileReference; explicitFileType = wrapper.cfbundle; includeInIndex = 0; path = NyamNyamUITests.xctest; sourceTree = BUILT_PRODUCTS_DIR; };
		ABEAFBEB29AC9ED4002C3119 /* NyamNyamUITests.swift */ = {isa = PBXFileReference; lastKnownFileType = sourcecode.swift; path = NyamNyamUITests.swift; sourceTree = "<group>"; };
		ABEAFBED29AC9ED4002C3119 /* NyamNyamUITestsLaunchTests.swift */ = {isa = PBXFileReference; lastKnownFileType = sourcecode.swift; path = NyamNyamUITestsLaunchTests.swift; sourceTree = "<group>"; };
		ABEAFBFD29ACA00B002C3119 /* Dummy.json */ = {isa = PBXFileReference; lastKnownFileType = text.json; path = Dummy.json; sourceTree = "<group>"; };
		ABEAFC0029ACA0E4002C3119 /* MealsForDay.swift */ = {isa = PBXFileReference; lastKnownFileType = sourcecode.swift; path = MealsForDay.swift; sourceTree = "<group>"; };
		ABEAFC0329ACA4B1002C3119 /* Date+.swift */ = {isa = PBXFileReference; lastKnownFileType = sourcecode.swift; path = "Date+.swift"; sourceTree = "<group>"; };
		ABEAFC0629ACA4E5002C3119 /* String+.swift */ = {isa = PBXFileReference; lastKnownFileType = sourcecode.swift; path = "String+.swift"; sourceTree = "<group>"; };
		ABEAFC0929ACA523002C3119 /* FBManager.swift */ = {isa = PBXFileReference; lastKnownFileType = sourcecode.swift; path = FBManager.swift; sourceTree = "<group>"; };
		ABEAFC0C29ACA59E002C3119 /* HomeViewModel.swift */ = {isa = PBXFileReference; lastKnownFileType = sourcecode.swift; path = HomeViewModel.swift; sourceTree = "<group>"; };
		ABEAFC1229AD279A002C3119 /* Meal.swift */ = {isa = PBXFileReference; lastKnownFileType = sourcecode.swift; path = Meal.swift; sourceTree = "<group>"; };
		ABEAFC1429AD2F36002C3119 /* Campus.swift */ = {isa = PBXFileReference; lastKnownFileType = sourcecode.swift; path = Campus.swift; sourceTree = "<group>"; };
		ABEAFC1729ADC2B0002C3119 /* OptionSelectModuleViewController.swift */ = {isa = PBXFileReference; lastKnownFileType = sourcecode.swift; path = OptionSelectModuleViewController.swift; sourceTree = "<group>"; };
		ABEAFC1A29AE24B2002C3119 /* Observable.swift */ = {isa = PBXFileReference; lastKnownFileType = sourcecode.swift; path = Observable.swift; sourceTree = "<group>"; };
		ABEAFC1C29AE6337002C3119 /* CampusSelectView.swift */ = {isa = PBXFileReference; lastKnownFileType = sourcecode.swift; path = CampusSelectView.swift; sourceTree = "<group>"; };
		ABEAFC1E29AE6769002C3119 /* UserDefaults+.swift */ = {isa = PBXFileReference; lastKnownFileType = sourcecode.swift; path = "UserDefaults+.swift"; sourceTree = "<group>"; };
		ABFC439029AFA7C600EB9439 /* Pallete.swift */ = {isa = PBXFileReference; lastKnownFileType = sourcecode.swift; path = Pallete.swift; sourceTree = "<group>"; };
		ABFC439329B44B1700EB9439 /* DateSelectView.swift */ = {isa = PBXFileReference; lastKnownFileType = sourcecode.swift; path = DateSelectView.swift; sourceTree = "<group>"; };
		ABFC439629B4515200EB9439 /* DateButton.swift */ = {isa = PBXFileReference; lastKnownFileType = sourcecode.swift; path = DateButton.swift; sourceTree = "<group>"; };
/* End PBXFileReference section */

/* Begin PBXFrameworksBuildPhase section */
		ABEAFBC429AC9ED3002C3119 /* Frameworks */ = {
			isa = PBXFrameworksBuildPhase;
			buildActionMask = 2147483647;
			files = (
				2A429D8929BB95BA0044A3E6 /* FirebaseAnalytics in Frameworks */,
				ABEAFC1029ACB1FF002C3119 /* SnapKit in Frameworks */,
				2A429D8B29BB95BA0044A3E6 /* FirebaseFirestore in Frameworks */,
				2A429D8D29BB95BA0044A3E6 /* FirebaseFirestoreSwift in Frameworks */,
			);
			runOnlyForDeploymentPostprocessing = 0;
		};
		ABEAFBDA29AC9ED4002C3119 /* Frameworks */ = {
			isa = PBXFrameworksBuildPhase;
			buildActionMask = 2147483647;
			files = (
			);
			runOnlyForDeploymentPostprocessing = 0;
		};
		ABEAFBE429AC9ED4002C3119 /* Frameworks */ = {
			isa = PBXFrameworksBuildPhase;
			buildActionMask = 2147483647;
			files = (
			);
			runOnlyForDeploymentPostprocessing = 0;
		};
/* End PBXFrameworksBuildPhase section */

/* Begin PBXGroup section */
		2A429D7729B99E350044A3E6 /* Manager */ = {
			isa = PBXGroup;
			children = (
				2A429D7829B99E460044A3E6 /* JsonManager.swift */,
				2A429D7A29B9A06F0044A3E6 /* DataManager.swift */,
				AB62D60829C5AF26003A8DF8 /* AlertManager.swift */,
			);
			path = Manager;
			sourceTree = "<group>";
		};
		2A429D9029BDD9F80044A3E6 /* Setting */ = {
			isa = PBXGroup;
			children = (
				2A429D9329BDDA480044A3E6 /* Components */,
				2A429D9129BDDA0B0044A3E6 /* SettingViewController.swift */,
				2A429DA929BF6B170044A3E6 /* SettingViewModel.swift */,
			);
			path = Setting;
			sourceTree = "<group>";
		};
		2A429D9329BDDA480044A3E6 /* Components */ = {
			isa = PBXGroup;
			children = (
				2A429DA429BF612E0044A3E6 /* SetDefaultCampusModule */,
				2A429D9C29BEBD910044A3E6 /* SetCafeteriaOrderModule */,
				2A429D9629BDE2530044A3E6 /* SettingListViewModule */,
				2A429DAB29BF93BD0044A3E6 /* BackButtonView.swift */,
			);
			path = Components;
			sourceTree = "<group>";
		};
		2A429D9629BDE2530044A3E6 /* SettingListViewModule */ = {
			isa = PBXGroup;
			children = (
				2A429D9729BDE2930044A3E6 /* Components */,
				2A429D9429BDDB370044A3E6 /* SettingListTableViewController.swift */,
			);
			path = SettingListViewModule;
			sourceTree = "<group>";
		};
		2A429D9729BDE2930044A3E6 /* Components */ = {
			isa = PBXGroup;
			children = (
				2A429D9829BDE2A40044A3E6 /* SettingListTableViewCell.swift */,
				2A429D9A29BE12F50044A3E6 /* SettingWebViewController.swift */,
			);
			path = Components;
			sourceTree = "<group>";
		};
		2A429D9C29BEBD910044A3E6 /* SetCafeteriaOrderModule */ = {
			isa = PBXGroup;
			children = (
				2A429DA129BEBE7D0044A3E6 /* Components */,
				2A429D9D29BEBE030044A3E6 /* SetCafeteriaOrderTableViewController.swift */,
			);
			path = SetCafeteriaOrderModule;
			sourceTree = "<group>";
		};
		2A429DA129BEBE7D0044A3E6 /* Components */ = {
			isa = PBXGroup;
			children = (
				2A429D9F29BEBE1B0044A3E6 /* SetCafeteriaOrderTableViewCell.swift */,
				2A429DA229BF36C50044A3E6 /* SetCafeteriaOrderTitleView.swift */,
			);
			path = Components;
			sourceTree = "<group>";
		};
		2A429DA429BF612E0044A3E6 /* SetDefaultCampusModule */ = {
			isa = PBXGroup;
			children = (
				2A429DA729BF62E80044A3E6 /* SetDefaultCampusView.swift */,
			);
			path = SetDefaultCampusModule;
			sourceTree = "<group>";
		};
		2AD5A1E229C62C3B00DCAF5D /* Font */ = {
			isa = PBXGroup;
			children = (
				AB62D60A29C63A94003A8DF8 /* Pretendard-SemiBold.otf */,
				AB62D60E29C63AB7003A8DF8 /* Pretendard-Bold.otf */,
				AB62D61229C63ACC003A8DF8 /* Pretendard-Light.otf */,
			);
			path = Font;
			sourceTree = "<group>";
		};
		AB2FDAAC29B84CA8001746DB /* CafeteriaSelectViewComponents */ = {
			isa = PBXGroup;
			children = (
				AB2FDAAD29B84CC7001746DB /* CafeteriaButton.swift */,
			);
			path = CafeteriaSelectViewComponents;
			sourceTree = "<group>";
		};
		AB2FDAB029B8D478001746DB /* ContentCarouselModule */ = {
			isa = PBXGroup;
			children = (
				AB2FDAB129B8D4B4001746DB /* ContentCarouselModuleViewController.swift */,
				ABBDF68F29B9C52000E9347A /* Components */,
			);
			name = ContentCarouselModule;
			path = ../ContentCarouselModule;
			sourceTree = "<group>";
		};
		ABBDF68F29B9C52000E9347A /* Components */ = {
			isa = PBXGroup;
			children = (
				ABBDF69029B9C53C00E9347A /* CarouselCell.swift */,
				ABBDF69229BA328900E9347A /* ExpandableMealCardView.swift */,
				AB9B399D29BB6A2600249C61 /* ContentStackView.swift */,
				AB9B399F29BF534F00249C61 /* DividerView.swift */,
				ABA5FFDE29C15D400029C81C /* TimeLabelView.swift */,
			);
			path = Components;
			sourceTree = "<group>";
		};
		ABEAFBBE29AC9ED3002C3119 = {
			isa = PBXGroup;
			children = (
				ABEAFBC929AC9ED3002C3119 /* NyamNyam */,
				ABEAFBE029AC9ED4002C3119 /* NyamNyamTests */,
				ABEAFBEA29AC9ED4002C3119 /* NyamNyamUITests */,
				ABEAFBC829AC9ED3002C3119 /* Products */,
			);
			sourceTree = "<group>";
		};
		ABEAFBC829AC9ED3002C3119 /* Products */ = {
			isa = PBXGroup;
			children = (
				ABEAFBC729AC9ED3002C3119 /* NyamNyam.app */,
				ABEAFBDD29AC9ED4002C3119 /* NyamNyamTests.xctest */,
				ABEAFBE729AC9ED4002C3119 /* NyamNyamUITests.xctest */,
			);
			name = Products;
			sourceTree = "<group>";
		};
		ABEAFBC929AC9ED3002C3119 /* NyamNyam */ = {
			isa = PBXGroup;
			children = (
				ABEAFBFA29AC9EDC002C3119 /* Application */,
				ABEAFBFE29ACA051002C3119 /* Global */,
				ABEAFBFB29AC9EEA002C3119 /* Network */,
				ABEAFBFC29AC9F03002C3119 /* Screens */,
				ABEAFBD329AC9ED4002C3119 /* Assets.xcassets */,
				ABEAFBD829AC9ED4002C3119 /* Info.plist */,
			);
			path = NyamNyam;
			sourceTree = "<group>";
		};
		ABEAFBE029AC9ED4002C3119 /* NyamNyamTests */ = {
			isa = PBXGroup;
			children = (
				ABEAFBE129AC9ED4002C3119 /* NyamNyamTests.swift */,
			);
			path = NyamNyamTests;
			sourceTree = "<group>";
		};
		ABEAFBEA29AC9ED4002C3119 /* NyamNyamUITests */ = {
			isa = PBXGroup;
			children = (
				ABEAFBEB29AC9ED4002C3119 /* NyamNyamUITests.swift */,
				ABEAFBED29AC9ED4002C3119 /* NyamNyamUITestsLaunchTests.swift */,
			);
			path = NyamNyamUITests;
			sourceTree = "<group>";
		};
		ABEAFBFA29AC9EDC002C3119 /* Application */ = {
			isa = PBXGroup;
			children = (
				ABEAFBCA29AC9ED3002C3119 /* AppDelegate.swift */,
				ABEAFBCC29AC9ED3002C3119 /* SceneDelegate.swift */,
				ABEAFBD529AC9ED4002C3119 /* LaunchScreen.storyboard */,
			);
			path = Application;
			sourceTree = "<group>";
		};
		ABEAFBFB29AC9EEA002C3119 /* Network */ = {
			isa = PBXGroup;
			children = (
				ABEAFC0829ACA50A002C3119 /* Firebase */,
				ABEAFBFF29ACA0C7002C3119 /* Model */,
				ABEAFBFD29ACA00B002C3119 /* Dummy.json */,
			);
			path = Network;
			sourceTree = "<group>";
		};
		ABEAFBFC29AC9F03002C3119 /* Screens */ = {
			isa = PBXGroup;
			children = (
				2A429D9029BDD9F80044A3E6 /* Setting */,
				ABEAFC1929AE24A4002C3119 /* Base */,
				ABEAFC0B29ACA58A002C3119 /* Home */,
			);
			path = Screens;
			sourceTree = "<group>";
		};
		ABEAFBFE29ACA051002C3119 /* Global */ = {
			isa = PBXGroup;
			children = (
				2AD5A1E229C62C3B00DCAF5D /* Font */,
				2A429D7729B99E350044A3E6 /* Manager */,
				ABFC439029AFA7C600EB9439 /* Pallete.swift */,
				ABEAFC0229ACA40E002C3119 /* Extension+ */,
				2A429DAD29C040D20044A3E6 /* Reachability.swift */,
			);
			path = Global;
			sourceTree = "<group>";
		};
		ABEAFBFF29ACA0C7002C3119 /* Model */ = {
			isa = PBXGroup;
			children = (
				ABEAFC1429AD2F36002C3119 /* Campus.swift */,
				ABEAFC0029ACA0E4002C3119 /* MealsForDay.swift */,
				ABEAFC1229AD279A002C3119 /* Meal.swift */,
				AB9B399B29BB199F00249C61 /* RunningStatus.swift */,
			);
			path = Model;
			sourceTree = "<group>";
		};
		ABEAFC0229ACA40E002C3119 /* Extension+ */ = {
			isa = PBXGroup;
			children = (
				ABEAFC0329ACA4B1002C3119 /* Date+.swift */,
				ABEAFC0629ACA4E5002C3119 /* String+.swift */,
				ABEAFC1E29AE6769002C3119 /* UserDefaults+.swift */,
			);
			path = "Extension+";
			sourceTree = "<group>";
		};
		ABEAFC0829ACA50A002C3119 /* Firebase */ = {
			isa = PBXGroup;
			children = (
				AB62D60629C48F8A003A8DF8 /* GoogleService-Info.plist */,
				ABEAFC0929ACA523002C3119 /* FBManager.swift */,
			);
			path = Firebase;
			sourceTree = "<group>";
		};
		ABEAFC0B29ACA58A002C3119 /* Home */ = {
			isa = PBXGroup;
			children = (
				ABEAFC0C29ACA59E002C3119 /* HomeViewModel.swift */,
				ABEAFBCE29AC9ED3002C3119 /* HomeViewController.swift */,
				ABEAFC1129ACB8DB002C3119 /* Components */,
			);
			path = Home;
			sourceTree = "<group>";
		};
		ABEAFC1129ACB8DB002C3119 /* Components */ = {
			isa = PBXGroup;
			children = (
				ABEAFC1629ADC24D002C3119 /* OptionSelectModule */,
				AB2FDAB029B8D478001746DB /* ContentCarouselModule */,
			);
			path = Components;
			sourceTree = "<group>";
		};
		ABEAFC1629ADC24D002C3119 /* OptionSelectModule */ = {
			isa = PBXGroup;
			children = (
				ABEAFC1729ADC2B0002C3119 /* OptionSelectModuleViewController.swift */,
				ABEAFC1C29AE6337002C3119 /* CampusSelectView.swift */,
				ABFC439329B44B1700EB9439 /* DateSelectView.swift */,
				ABFC439529B44B2500EB9439 /* DateSelectViewComponents */,
				AB2D2C0029B8271C0015CB10 /* CafeteriaSelectView.swift */,
				AB2FDAAC29B84CA8001746DB /* CafeteriaSelectViewComponents */,
			);
			path = OptionSelectModule;
			sourceTree = "<group>";
		};
		ABEAFC1929AE24A4002C3119 /* Base */ = {
			isa = PBXGroup;
			children = (
				ABEAFC1A29AE24B2002C3119 /* Observable.swift */,
			);
			path = Base;
			sourceTree = "<group>";
		};
		ABFC439529B44B2500EB9439 /* DateSelectViewComponents */ = {
			isa = PBXGroup;
			children = (
				ABFC439629B4515200EB9439 /* DateButton.swift */,
			);
			path = DateSelectViewComponents;
			sourceTree = "<group>";
		};
/* End PBXGroup section */

/* Begin PBXNativeTarget section */
		ABEAFBC629AC9ED3002C3119 /* NyamNyam */ = {
			isa = PBXNativeTarget;
			buildConfigurationList = ABEAFBF129AC9ED4002C3119 /* Build configuration list for PBXNativeTarget "NyamNyam" */;
			buildPhases = (
				ABEAFBC329AC9ED3002C3119 /* Sources */,
				ABEAFBC429AC9ED3002C3119 /* Frameworks */,
				ABEAFBC529AC9ED3002C3119 /* Resources */,
			);
			buildRules = (
			);
			dependencies = (
			);
			name = NyamNyam;
			packageProductDependencies = (
				ABEAFC0F29ACB1FF002C3119 /* SnapKit */,
				2A429D8829BB95BA0044A3E6 /* FirebaseAnalytics */,
				2A429D8A29BB95BA0044A3E6 /* FirebaseFirestore */,
				2A429D8C29BB95BA0044A3E6 /* FirebaseFirestoreSwift */,
			);
			productName = NyamNyam;
			productReference = ABEAFBC729AC9ED3002C3119 /* NyamNyam.app */;
			productType = "com.apple.product-type.application";
		};
		ABEAFBDC29AC9ED4002C3119 /* NyamNyamTests */ = {
			isa = PBXNativeTarget;
			buildConfigurationList = ABEAFBF429AC9ED4002C3119 /* Build configuration list for PBXNativeTarget "NyamNyamTests" */;
			buildPhases = (
				ABEAFBD929AC9ED4002C3119 /* Sources */,
				ABEAFBDA29AC9ED4002C3119 /* Frameworks */,
				ABEAFBDB29AC9ED4002C3119 /* Resources */,
			);
			buildRules = (
			);
			dependencies = (
				ABEAFBDF29AC9ED4002C3119 /* PBXTargetDependency */,
			);
			name = NyamNyamTests;
			productName = NyamNyamTests;
			productReference = ABEAFBDD29AC9ED4002C3119 /* NyamNyamTests.xctest */;
			productType = "com.apple.product-type.bundle.unit-test";
		};
		ABEAFBE629AC9ED4002C3119 /* NyamNyamUITests */ = {
			isa = PBXNativeTarget;
			buildConfigurationList = ABEAFBF729AC9ED4002C3119 /* Build configuration list for PBXNativeTarget "NyamNyamUITests" */;
			buildPhases = (
				ABEAFBE329AC9ED4002C3119 /* Sources */,
				ABEAFBE429AC9ED4002C3119 /* Frameworks */,
				ABEAFBE529AC9ED4002C3119 /* Resources */,
			);
			buildRules = (
			);
			dependencies = (
				ABEAFBE929AC9ED4002C3119 /* PBXTargetDependency */,
			);
			name = NyamNyamUITests;
			productName = NyamNyamUITests;
			productReference = ABEAFBE729AC9ED4002C3119 /* NyamNyamUITests.xctest */;
			productType = "com.apple.product-type.bundle.ui-testing";
		};
/* End PBXNativeTarget section */

/* Begin PBXProject section */
		ABEAFBBF29AC9ED3002C3119 /* Project object */ = {
			isa = PBXProject;
			attributes = {
				BuildIndependentTargetsInParallel = 1;
				LastSwiftUpdateCheck = 1400;
				LastUpgradeCheck = 1400;
				TargetAttributes = {
					ABEAFBC629AC9ED3002C3119 = {
						CreatedOnToolsVersion = 14.0.1;
					};
					ABEAFBDC29AC9ED4002C3119 = {
						CreatedOnToolsVersion = 14.0.1;
						TestTargetID = ABEAFBC629AC9ED3002C3119;
					};
					ABEAFBE629AC9ED4002C3119 = {
						CreatedOnToolsVersion = 14.0.1;
						TestTargetID = ABEAFBC629AC9ED3002C3119;
					};
				};
			};
			buildConfigurationList = ABEAFBC229AC9ED3002C3119 /* Build configuration list for PBXProject "NyamNyam" */;
			compatibilityVersion = "Xcode 14.0";
			developmentRegion = en;
			hasScannedForEncodings = 0;
			knownRegions = (
				en,
				Base,
			);
			mainGroup = ABEAFBBE29AC9ED3002C3119;
			packageReferences = (
				ABEAFC0E29ACB1FF002C3119 /* XCRemoteSwiftPackageReference "SnapKit" */,
				2A429D8729BB95BA0044A3E6 /* XCRemoteSwiftPackageReference "firebase-ios-sdk" */,
			);
			productRefGroup = ABEAFBC829AC9ED3002C3119 /* Products */;
			projectDirPath = "";
			projectRoot = "";
			targets = (
				ABEAFBC629AC9ED3002C3119 /* NyamNyam */,
				ABEAFBDC29AC9ED4002C3119 /* NyamNyamTests */,
				ABEAFBE629AC9ED4002C3119 /* NyamNyamUITests */,
			);
		};
/* End PBXProject section */

/* Begin PBXResourcesBuildPhase section */
		ABEAFBC529AC9ED3002C3119 /* Resources */ = {
			isa = PBXResourcesBuildPhase;
			buildActionMask = 2147483647;
			files = (
				2A429D8629BA35770044A3E6 /* Dummy.json in Resources */,
				AB62D61329C63ACC003A8DF8 /* Pretendard-Light.otf in Resources */,
				AB62D60F29C63AB7003A8DF8 /* Pretendard-Bold.otf in Resources */,
				AB62D60729C48F8A003A8DF8 /* GoogleService-Info.plist in Resources */,
				AB62D60B29C63A94003A8DF8 /* Pretendard-SemiBold.otf in Resources */,
				ABEAFBD729AC9ED4002C3119 /* LaunchScreen.storyboard in Resources */,
				ABEAFBD429AC9ED4002C3119 /* Assets.xcassets in Resources */,
			);
			runOnlyForDeploymentPostprocessing = 0;
		};
		ABEAFBDB29AC9ED4002C3119 /* Resources */ = {
			isa = PBXResourcesBuildPhase;
			buildActionMask = 2147483647;
			files = (
				AB62D60C29C63A94003A8DF8 /* Pretendard-SemiBold.otf in Resources */,
				AB62D61029C63AB7003A8DF8 /* Pretendard-Bold.otf in Resources */,
				AB62D61429C63ACC003A8DF8 /* Pretendard-Light.otf in Resources */,
			);
			runOnlyForDeploymentPostprocessing = 0;
		};
		ABEAFBE529AC9ED4002C3119 /* Resources */ = {
			isa = PBXResourcesBuildPhase;
			buildActionMask = 2147483647;
			files = (
				AB62D60D29C63A94003A8DF8 /* Pretendard-SemiBold.otf in Resources */,
				AB62D61129C63AB7003A8DF8 /* Pretendard-Bold.otf in Resources */,
				AB62D61529C63ACC003A8DF8 /* Pretendard-Light.otf in Resources */,
			);
			runOnlyForDeploymentPostprocessing = 0;
		};
/* End PBXResourcesBuildPhase section */

/* Begin PBXSourcesBuildPhase section */
		ABEAFBC329AC9ED3002C3119 /* Sources */ = {
			isa = PBXSourcesBuildPhase;
			buildActionMask = 2147483647;
			files = (
				ABFC439729B4515200EB9439 /* DateButton.swift in Sources */,
				ABEAFC0129ACA0E4002C3119 /* MealsForDay.swift in Sources */,
				ABBDF69329BA328A00E9347A /* ExpandableMealCardView.swift in Sources */,
				2A429D9229BDDA0B0044A3E6 /* SettingViewController.swift in Sources */,
				2A429DA029BEBE1B0044A3E6 /* SetCafeteriaOrderTableViewCell.swift in Sources */,
				2A429DA329BF36C50044A3E6 /* SetCafeteriaOrderTitleView.swift in Sources */,
				ABEAFBCF29AC9ED3002C3119 /* HomeViewController.swift in Sources */,
				ABEAFC1F29AE6769002C3119 /* UserDefaults+.swift in Sources */,
				2A429D9E29BEBE030044A3E6 /* SetCafeteriaOrderTableViewController.swift in Sources */,
				2A429D9929BDE2A40044A3E6 /* SettingListTableViewCell.swift in Sources */,
				ABEAFC0429ACA4B1002C3119 /* Date+.swift in Sources */,
				2A429DAC29BF93BD0044A3E6 /* BackButtonView.swift in Sources */,
				ABEAFC0D29ACA59E002C3119 /* HomeViewModel.swift in Sources */,
				AB2FDAB229B8D4B4001746DB /* ContentCarouselModuleViewController.swift in Sources */,
				ABEAFC1B29AE24B2002C3119 /* Observable.swift in Sources */,
				ABEAFC1529AD2F36002C3119 /* Campus.swift in Sources */,
				2A429DAA29BF6B170044A3E6 /* SettingViewModel.swift in Sources */,
				ABEAFC1329AD279A002C3119 /* Meal.swift in Sources */,
				AB2D2C0129B8271C0015CB10 /* CafeteriaSelectView.swift in Sources */,
				2A429D9B29BE12F50044A3E6 /* SettingWebViewController.swift in Sources */,
				AB9B399E29BB6A2600249C61 /* ContentStackView.swift in Sources */,
				2A429D7B29B9A06F0044A3E6 /* DataManager.swift in Sources */,
				ABFC439429B44B1700EB9439 /* DateSelectView.swift in Sources */,
				2A429D9529BDDB370044A3E6 /* SettingListTableViewController.swift in Sources */,
				ABEAFC1829ADC2B0002C3119 /* OptionSelectModuleViewController.swift in Sources */,
				ABEAFBCB29AC9ED3002C3119 /* AppDelegate.swift in Sources */,
				AB9B399C29BB199F00249C61 /* RunningStatus.swift in Sources */,
				ABEAFC0A29ACA523002C3119 /* FBManager.swift in Sources */,
				2A429DA829BF62E80044A3E6 /* SetDefaultCampusView.swift in Sources */,
				AB9B39A029BF535000249C61 /* DividerView.swift in Sources */,
				ABEAFC0729ACA4E5002C3119 /* String+.swift in Sources */,
				2A429DAE29C040D20044A3E6 /* Reachability.swift in Sources */,
				AB62D60929C5AF26003A8DF8 /* AlertManager.swift in Sources */,
				AB2FDAAE29B84CC7001746DB /* CafeteriaButton.swift in Sources */,
				ABEAFC1D29AE6337002C3119 /* CampusSelectView.swift in Sources */,
				ABBDF69129B9C53C00E9347A /* CarouselCell.swift in Sources */,
				ABA5FFDF29C15D400029C81C /* TimeLabelView.swift in Sources */,
				2A429D7929B99E460044A3E6 /* JsonManager.swift in Sources */,
				ABFC439129AFA7C600EB9439 /* Pallete.swift in Sources */,
				ABEAFBCD29AC9ED3002C3119 /* SceneDelegate.swift in Sources */,
			);
			runOnlyForDeploymentPostprocessing = 0;
		};
		ABEAFBD929AC9ED4002C3119 /* Sources */ = {
			isa = PBXSourcesBuildPhase;
			buildActionMask = 2147483647;
			files = (
				ABEAFBE229AC9ED4002C3119 /* NyamNyamTests.swift in Sources */,
			);
			runOnlyForDeploymentPostprocessing = 0;
		};
		ABEAFBE329AC9ED4002C3119 /* Sources */ = {
			isa = PBXSourcesBuildPhase;
			buildActionMask = 2147483647;
			files = (
				ABEAFBEE29AC9ED4002C3119 /* NyamNyamUITestsLaunchTests.swift in Sources */,
				ABEAFBEC29AC9ED4002C3119 /* NyamNyamUITests.swift in Sources */,
			);
			runOnlyForDeploymentPostprocessing = 0;
		};
/* End PBXSourcesBuildPhase section */

/* Begin PBXTargetDependency section */
		ABEAFBDF29AC9ED4002C3119 /* PBXTargetDependency */ = {
			isa = PBXTargetDependency;
			target = ABEAFBC629AC9ED3002C3119 /* NyamNyam */;
			targetProxy = ABEAFBDE29AC9ED4002C3119 /* PBXContainerItemProxy */;
		};
		ABEAFBE929AC9ED4002C3119 /* PBXTargetDependency */ = {
			isa = PBXTargetDependency;
			target = ABEAFBC629AC9ED3002C3119 /* NyamNyam */;
			targetProxy = ABEAFBE829AC9ED4002C3119 /* PBXContainerItemProxy */;
		};
/* End PBXTargetDependency section */

/* Begin PBXVariantGroup section */
		ABEAFBD529AC9ED4002C3119 /* LaunchScreen.storyboard */ = {
			isa = PBXVariantGroup;
			children = (
				ABEAFBD629AC9ED4002C3119 /* Base */,
			);
			name = LaunchScreen.storyboard;
			sourceTree = "<group>";
		};
/* End PBXVariantGroup section */

/* Begin XCBuildConfiguration section */
		ABEAFBEF29AC9ED4002C3119 /* Debug */ = {
			isa = XCBuildConfiguration;
			buildSettings = {
				ALWAYS_SEARCH_USER_PATHS = NO;
				CLANG_ANALYZER_NONNULL = YES;
				CLANG_ANALYZER_NUMBER_OBJECT_CONVERSION = YES_AGGRESSIVE;
				CLANG_CXX_LANGUAGE_STANDARD = "gnu++20";
				CLANG_ENABLE_MODULES = YES;
				CLANG_ENABLE_OBJC_ARC = YES;
				CLANG_ENABLE_OBJC_WEAK = YES;
				CLANG_WARN_BLOCK_CAPTURE_AUTORELEASING = YES;
				CLANG_WARN_BOOL_CONVERSION = YES;
				CLANG_WARN_COMMA = YES;
				CLANG_WARN_CONSTANT_CONVERSION = YES;
				CLANG_WARN_DEPRECATED_OBJC_IMPLEMENTATIONS = YES;
				CLANG_WARN_DIRECT_OBJC_ISA_USAGE = YES_ERROR;
				CLANG_WARN_DOCUMENTATION_COMMENTS = YES;
				CLANG_WARN_EMPTY_BODY = YES;
				CLANG_WARN_ENUM_CONVERSION = YES;
				CLANG_WARN_INFINITE_RECURSION = YES;
				CLANG_WARN_INT_CONVERSION = YES;
				CLANG_WARN_NON_LITERAL_NULL_CONVERSION = YES;
				CLANG_WARN_OBJC_IMPLICIT_RETAIN_SELF = YES;
				CLANG_WARN_OBJC_LITERAL_CONVERSION = YES;
				CLANG_WARN_OBJC_ROOT_CLASS = YES_ERROR;
				CLANG_WARN_QUOTED_INCLUDE_IN_FRAMEWORK_HEADER = YES;
				CLANG_WARN_RANGE_LOOP_ANALYSIS = YES;
				CLANG_WARN_STRICT_PROTOTYPES = YES;
				CLANG_WARN_SUSPICIOUS_MOVE = YES;
				CLANG_WARN_UNGUARDED_AVAILABILITY = YES_AGGRESSIVE;
				CLANG_WARN_UNREACHABLE_CODE = YES;
				CLANG_WARN__DUPLICATE_METHOD_MATCH = YES;
				COPY_PHASE_STRIP = NO;
				DEBUG_INFORMATION_FORMAT = dwarf;
				ENABLE_STRICT_OBJC_MSGSEND = YES;
				ENABLE_TESTABILITY = YES;
				GCC_C_LANGUAGE_STANDARD = gnu11;
				GCC_DYNAMIC_NO_PIC = NO;
				GCC_NO_COMMON_BLOCKS = YES;
				GCC_OPTIMIZATION_LEVEL = 0;
				GCC_PREPROCESSOR_DEFINITIONS = (
					"DEBUG=1",
					"$(inherited)",
				);
				GCC_WARN_64_TO_32_BIT_CONVERSION = YES;
				GCC_WARN_ABOUT_RETURN_TYPE = YES_ERROR;
				GCC_WARN_UNDECLARED_SELECTOR = YES;
				GCC_WARN_UNINITIALIZED_AUTOS = YES_AGGRESSIVE;
				GCC_WARN_UNUSED_FUNCTION = YES;
				GCC_WARN_UNUSED_VARIABLE = YES;
				IPHONEOS_DEPLOYMENT_TARGET = 16.0;
				MTL_ENABLE_DEBUG_INFO = INCLUDE_SOURCE;
				MTL_FAST_MATH = YES;
				ONLY_ACTIVE_ARCH = YES;
				SDKROOT = iphoneos;
				SWIFT_ACTIVE_COMPILATION_CONDITIONS = DEBUG;
				SWIFT_OPTIMIZATION_LEVEL = "-Onone";
			};
			name = Debug;
		};
		ABEAFBF029AC9ED4002C3119 /* Release */ = {
			isa = XCBuildConfiguration;
			buildSettings = {
				ALWAYS_SEARCH_USER_PATHS = NO;
				CLANG_ANALYZER_NONNULL = YES;
				CLANG_ANALYZER_NUMBER_OBJECT_CONVERSION = YES_AGGRESSIVE;
				CLANG_CXX_LANGUAGE_STANDARD = "gnu++20";
				CLANG_ENABLE_MODULES = YES;
				CLANG_ENABLE_OBJC_ARC = YES;
				CLANG_ENABLE_OBJC_WEAK = YES;
				CLANG_WARN_BLOCK_CAPTURE_AUTORELEASING = YES;
				CLANG_WARN_BOOL_CONVERSION = YES;
				CLANG_WARN_COMMA = YES;
				CLANG_WARN_CONSTANT_CONVERSION = YES;
				CLANG_WARN_DEPRECATED_OBJC_IMPLEMENTATIONS = YES;
				CLANG_WARN_DIRECT_OBJC_ISA_USAGE = YES_ERROR;
				CLANG_WARN_DOCUMENTATION_COMMENTS = YES;
				CLANG_WARN_EMPTY_BODY = YES;
				CLANG_WARN_ENUM_CONVERSION = YES;
				CLANG_WARN_INFINITE_RECURSION = YES;
				CLANG_WARN_INT_CONVERSION = YES;
				CLANG_WARN_NON_LITERAL_NULL_CONVERSION = YES;
				CLANG_WARN_OBJC_IMPLICIT_RETAIN_SELF = YES;
				CLANG_WARN_OBJC_LITERAL_CONVERSION = YES;
				CLANG_WARN_OBJC_ROOT_CLASS = YES_ERROR;
				CLANG_WARN_QUOTED_INCLUDE_IN_FRAMEWORK_HEADER = YES;
				CLANG_WARN_RANGE_LOOP_ANALYSIS = YES;
				CLANG_WARN_STRICT_PROTOTYPES = YES;
				CLANG_WARN_SUSPICIOUS_MOVE = YES;
				CLANG_WARN_UNGUARDED_AVAILABILITY = YES_AGGRESSIVE;
				CLANG_WARN_UNREACHABLE_CODE = YES;
				CLANG_WARN__DUPLICATE_METHOD_MATCH = YES;
				COPY_PHASE_STRIP = NO;
				DEBUG_INFORMATION_FORMAT = "dwarf-with-dsym";
				ENABLE_NS_ASSERTIONS = NO;
				ENABLE_STRICT_OBJC_MSGSEND = YES;
				GCC_C_LANGUAGE_STANDARD = gnu11;
				GCC_NO_COMMON_BLOCKS = YES;
				GCC_WARN_64_TO_32_BIT_CONVERSION = YES;
				GCC_WARN_ABOUT_RETURN_TYPE = YES_ERROR;
				GCC_WARN_UNDECLARED_SELECTOR = YES;
				GCC_WARN_UNINITIALIZED_AUTOS = YES_AGGRESSIVE;
				GCC_WARN_UNUSED_FUNCTION = YES;
				GCC_WARN_UNUSED_VARIABLE = YES;
				IPHONEOS_DEPLOYMENT_TARGET = 16.0;
				MTL_ENABLE_DEBUG_INFO = NO;
				MTL_FAST_MATH = YES;
				SDKROOT = iphoneos;
				SWIFT_COMPILATION_MODE = wholemodule;
				SWIFT_OPTIMIZATION_LEVEL = "-O";
				VALIDATE_PRODUCT = YES;
			};
			name = Release;
		};
		ABEAFBF229AC9ED4002C3119 /* Debug */ = {
			isa = XCBuildConfiguration;
			buildSettings = {
				ASSETCATALOG_COMPILER_APPICON_NAME = AppIcon;
				ASSETCATALOG_COMPILER_GLOBAL_ACCENT_COLOR_NAME = AccentColor;
				CODE_SIGN_STYLE = Automatic;
				CURRENT_PROJECT_VERSION = 1;
				DEVELOPMENT_TEAM = 8QSTXVD8H9;
				GENERATE_INFOPLIST_FILE = YES;
				INFOPLIST_FILE = NyamNyam/Info.plist;
				INFOPLIST_KEY_CFBundleDisplayName = "중대한학식";
				INFOPLIST_KEY_UIApplicationSupportsIndirectInputEvents = YES;
				INFOPLIST_KEY_UILaunchStoryboardName = LaunchScreen;
				INFOPLIST_KEY_UIMainStoryboardFile = "";
				INFOPLIST_KEY_UIStatusBarStyle = UIStatusBarStyleDarkContent;
				INFOPLIST_KEY_UISupportedInterfaceOrientations = UIInterfaceOrientationPortrait;
				INFOPLIST_KEY_UISupportedInterfaceOrientations_iPad = "UIInterfaceOrientationLandscapeLeft UIInterfaceOrientationLandscapeRight UIInterfaceOrientationPortrait UIInterfaceOrientationPortraitUpsideDown";
				IPHONEOS_DEPLOYMENT_TARGET = 14.0;
				LD_RUNPATH_SEARCH_PATHS = (
					"$(inherited)",
					"@executable_path/Frameworks",
				);
				MARKETING_VERSION = 1.0;
				PRODUCT_BUNDLE_IDENTIFIER = hipstu.NyamNyam;
				PRODUCT_NAME = "$(TARGET_NAME)";
				SUPPORTED_PLATFORMS = "iphoneos iphonesimulator";
				SUPPORTS_MACCATALYST = NO;
				SUPPORTS_MAC_DESIGNED_FOR_IPHONE_IPAD = NO;
				SWIFT_EMIT_LOC_STRINGS = YES;
				SWIFT_VERSION = 5.0;
				TARGETED_DEVICE_FAMILY = 1;
			};
			name = Debug;
		};
		ABEAFBF329AC9ED4002C3119 /* Release */ = {
			isa = XCBuildConfiguration;
			buildSettings = {
				ASSETCATALOG_COMPILER_APPICON_NAME = AppIcon;
				ASSETCATALOG_COMPILER_GLOBAL_ACCENT_COLOR_NAME = AccentColor;
				CODE_SIGN_STYLE = Automatic;
				CURRENT_PROJECT_VERSION = 1;
				DEVELOPMENT_TEAM = 8QSTXVD8H9;
				GENERATE_INFOPLIST_FILE = YES;
				INFOPLIST_FILE = NyamNyam/Info.plist;
				INFOPLIST_KEY_CFBundleDisplayName = "중대한학식";
				INFOPLIST_KEY_UIApplicationSupportsIndirectInputEvents = YES;
				INFOPLIST_KEY_UILaunchStoryboardName = LaunchScreen;
				INFOPLIST_KEY_UIMainStoryboardFile = "";
				INFOPLIST_KEY_UIStatusBarStyle = UIStatusBarStyleDarkContent;
				INFOPLIST_KEY_UISupportedInterfaceOrientations = UIInterfaceOrientationPortrait;
				INFOPLIST_KEY_UISupportedInterfaceOrientations_iPad = "UIInterfaceOrientationLandscapeLeft UIInterfaceOrientationLandscapeRight UIInterfaceOrientationPortrait UIInterfaceOrientationPortraitUpsideDown";
				IPHONEOS_DEPLOYMENT_TARGET = 14.0;
				LD_RUNPATH_SEARCH_PATHS = (
					"$(inherited)",
					"@executable_path/Frameworks",
				);
				MARKETING_VERSION = 1.0;
				PRODUCT_BUNDLE_IDENTIFIER = hipstu.NyamNyam;
				PRODUCT_NAME = "$(TARGET_NAME)";
				SUPPORTED_PLATFORMS = "iphoneos iphonesimulator";
				SUPPORTS_MACCATALYST = NO;
				SUPPORTS_MAC_DESIGNED_FOR_IPHONE_IPAD = NO;
				SWIFT_EMIT_LOC_STRINGS = YES;
				SWIFT_VERSION = 5.0;
				TARGETED_DEVICE_FAMILY = 1;
			};
			name = Release;
		};
		ABEAFBF529AC9ED4002C3119 /* Debug */ = {
			isa = XCBuildConfiguration;
			buildSettings = {
				ALWAYS_EMBED_SWIFT_STANDARD_LIBRARIES = YES;
				BUNDLE_LOADER = "$(TEST_HOST)";
				CODE_SIGN_STYLE = Automatic;
				CURRENT_PROJECT_VERSION = 1;
				DEVELOPMENT_TEAM = 8QSTXVD8H9;
				GENERATE_INFOPLIST_FILE = YES;
				IPHONEOS_DEPLOYMENT_TARGET = 16.0;
				MARKETING_VERSION = 1.0;
				PRODUCT_BUNDLE_IDENTIFIER = hipstu.NyamNyamTests;
				PRODUCT_NAME = "$(TARGET_NAME)";
				SWIFT_EMIT_LOC_STRINGS = NO;
				SWIFT_VERSION = 5.0;
				TARGETED_DEVICE_FAMILY = "1,2";
				TEST_HOST = "$(BUILT_PRODUCTS_DIR)/NyamNyam.app/$(BUNDLE_EXECUTABLE_FOLDER_PATH)/NyamNyam";
			};
			name = Debug;
		};
		ABEAFBF629AC9ED4002C3119 /* Release */ = {
			isa = XCBuildConfiguration;
			buildSettings = {
				ALWAYS_EMBED_SWIFT_STANDARD_LIBRARIES = YES;
				BUNDLE_LOADER = "$(TEST_HOST)";
				CODE_SIGN_STYLE = Automatic;
				CURRENT_PROJECT_VERSION = 1;
				DEVELOPMENT_TEAM = 8QSTXVD8H9;
				GENERATE_INFOPLIST_FILE = YES;
				IPHONEOS_DEPLOYMENT_TARGET = 16.0;
				MARKETING_VERSION = 1.0;
				PRODUCT_BUNDLE_IDENTIFIER = hipstu.NyamNyamTests;
				PRODUCT_NAME = "$(TARGET_NAME)";
				SWIFT_EMIT_LOC_STRINGS = NO;
				SWIFT_VERSION = 5.0;
				TARGETED_DEVICE_FAMILY = "1,2";
				TEST_HOST = "$(BUILT_PRODUCTS_DIR)/NyamNyam.app/$(BUNDLE_EXECUTABLE_FOLDER_PATH)/NyamNyam";
			};
			name = Release;
		};
		ABEAFBF829AC9ED4002C3119 /* Debug */ = {
			isa = XCBuildConfiguration;
			buildSettings = {
				ALWAYS_EMBED_SWIFT_STANDARD_LIBRARIES = YES;
				CODE_SIGN_STYLE = Automatic;
				CURRENT_PROJECT_VERSION = 1;
				DEVELOPMENT_TEAM = 8QSTXVD8H9;
				GENERATE_INFOPLIST_FILE = YES;
				MARKETING_VERSION = 1.0;
				PRODUCT_BUNDLE_IDENTIFIER = hipstu.NyamNyamUITests;
				PRODUCT_NAME = "$(TARGET_NAME)";
				SWIFT_EMIT_LOC_STRINGS = NO;
				SWIFT_VERSION = 5.0;
				TARGETED_DEVICE_FAMILY = "1,2";
				TEST_TARGET_NAME = NyamNyam;
			};
			name = Debug;
		};
		ABEAFBF929AC9ED4002C3119 /* Release */ = {
			isa = XCBuildConfiguration;
			buildSettings = {
				ALWAYS_EMBED_SWIFT_STANDARD_LIBRARIES = YES;
				CODE_SIGN_STYLE = Automatic;
				CURRENT_PROJECT_VERSION = 1;
				DEVELOPMENT_TEAM = 8QSTXVD8H9;
				GENERATE_INFOPLIST_FILE = YES;
				MARKETING_VERSION = 1.0;
				PRODUCT_BUNDLE_IDENTIFIER = hipstu.NyamNyamUITests;
				PRODUCT_NAME = "$(TARGET_NAME)";
				SWIFT_EMIT_LOC_STRINGS = NO;
				SWIFT_VERSION = 5.0;
				TARGETED_DEVICE_FAMILY = "1,2";
				TEST_TARGET_NAME = NyamNyam;
			};
			name = Release;
		};
/* End XCBuildConfiguration section */

/* Begin XCConfigurationList section */
		ABEAFBC229AC9ED3002C3119 /* Build configuration list for PBXProject "NyamNyam" */ = {
			isa = XCConfigurationList;
			buildConfigurations = (
				ABEAFBEF29AC9ED4002C3119 /* Debug */,
				ABEAFBF029AC9ED4002C3119 /* Release */,
			);
			defaultConfigurationIsVisible = 0;
			defaultConfigurationName = Release;
		};
		ABEAFBF129AC9ED4002C3119 /* Build configuration list for PBXNativeTarget "NyamNyam" */ = {
			isa = XCConfigurationList;
			buildConfigurations = (
				ABEAFBF229AC9ED4002C3119 /* Debug */,
				ABEAFBF329AC9ED4002C3119 /* Release */,
			);
			defaultConfigurationIsVisible = 0;
			defaultConfigurationName = Release;
		};
		ABEAFBF429AC9ED4002C3119 /* Build configuration list for PBXNativeTarget "NyamNyamTests" */ = {
			isa = XCConfigurationList;
			buildConfigurations = (
				ABEAFBF529AC9ED4002C3119 /* Debug */,
				ABEAFBF629AC9ED4002C3119 /* Release */,
			);
			defaultConfigurationIsVisible = 0;
			defaultConfigurationName = Release;
		};
		ABEAFBF729AC9ED4002C3119 /* Build configuration list for PBXNativeTarget "NyamNyamUITests" */ = {
			isa = XCConfigurationList;
			buildConfigurations = (
				ABEAFBF829AC9ED4002C3119 /* Debug */,
				ABEAFBF929AC9ED4002C3119 /* Release */,
			);
			defaultConfigurationIsVisible = 0;
			defaultConfigurationName = Release;
		};
/* End XCConfigurationList section */

/* Begin XCRemoteSwiftPackageReference section */
		2A429D8729BB95BA0044A3E6 /* XCRemoteSwiftPackageReference "firebase-ios-sdk" */ = {
			isa = XCRemoteSwiftPackageReference;
			repositoryURL = "https://github.com/firebase/firebase-ios-sdk";
			requirement = {
				kind = upToNextMajorVersion;
				minimumVersion = 9.0.0;
			};
		};
		ABEAFC0E29ACB1FF002C3119 /* XCRemoteSwiftPackageReference "SnapKit" */ = {
			isa = XCRemoteSwiftPackageReference;
			repositoryURL = "https://github.com/SnapKit/SnapKit.git";
			requirement = {
				branch = develop;
				kind = branch;
			};
		};
/* End XCRemoteSwiftPackageReference section */

/* Begin XCSwiftPackageProductDependency section */
		2A429D8829BB95BA0044A3E6 /* FirebaseAnalytics */ = {
			isa = XCSwiftPackageProductDependency;
			package = 2A429D8729BB95BA0044A3E6 /* XCRemoteSwiftPackageReference "firebase-ios-sdk" */;
			productName = FirebaseAnalytics;
		};
		2A429D8A29BB95BA0044A3E6 /* FirebaseFirestore */ = {
			isa = XCSwiftPackageProductDependency;
			package = 2A429D8729BB95BA0044A3E6 /* XCRemoteSwiftPackageReference "firebase-ios-sdk" */;
			productName = FirebaseFirestore;
		};
		2A429D8C29BB95BA0044A3E6 /* FirebaseFirestoreSwift */ = {
			isa = XCSwiftPackageProductDependency;
			package = 2A429D8729BB95BA0044A3E6 /* XCRemoteSwiftPackageReference "firebase-ios-sdk" */;
			productName = FirebaseFirestoreSwift;
		};
		ABEAFC0F29ACB1FF002C3119 /* SnapKit */ = {
			isa = XCSwiftPackageProductDependency;
			package = ABEAFC0E29ACB1FF002C3119 /* XCRemoteSwiftPackageReference "SnapKit" */;
			productName = SnapKit;
		};
/* End XCSwiftPackageProductDependency section */
	};
	rootObject = ABEAFBBF29AC9ED3002C3119 /* Project object */;
}
